
Microsoft Visual Studio Solution File, Format Version 12.00
# Visual Studio Version 17
VisualStudioVersion = 17.11.35222.181
MinimumVisualStudioVersion = 10.0.40219.1
Project("{FAE04EC0-301F-11D3-BF4B-00C04F79EFBC}") = "DebugWordwrap", "DebugWordwrap\DebugWordwrap.csproj", "{BDE49A4D-9281-466C-BBF8-4638496D44A3}"
EndProject
Global
	GlobalSection(SolutionConfigurationPlatforms) = preSolution
		Debug|Any CPU = Debug|Any CPU
		Release|Any CPU = Release|Any CPU
	EndGlobalSection
	GlobalSection(ProjectConfigurationPlatforms) = postSolution
		{BDE49A4D-9281-466C-BBF8-4638496D44A3}.Debug|Any CPU.ActiveCfg = Debug|Any CPU
		{BDE49A4D-9281-466C-BBF8-4638496D44A3}.Debug|Any CPU.Build.0 = Debug|Any CPU
		{BDE49A4D-9281-466C-BBF8-4638496D44A3}.Debug|Any CPU.Deploy.0 = Debug|Any CPU
		{BDE49A4D-9281-466C-BBF8-4638496D44A3}.Release|Any CPU.ActiveCfg = Release|Any CPU
		{BDE49A4D-9281-466C-BBF8-4638496D44A3}.Release|Any CPU.Build.0 = Release|Any CPU
		{BDE49A4D-9281-466C-BBF8-4638496D44A3}.Release|Any CPU.Deploy.0 = Release|Any CPU
	EndGlobalSection
	GlobalSection(SolutionProperties) = preSolution
		HideSolutionNode = FALSE
	EndGlobalSection
	GlobalSection(ExtensibilityGlobals) = postSolution
		SolutionGuid = {A1F29F94-95DD-469D-81C1-A6EC0392D3C9}
	EndGlobalSection
EndGlobal
